// !$*UTF8*$!
{
	archiveVersion = 1;
	classes = {
	};
	objectVersion = 46;
	objects = {

/* Begin PBXBuildFile section */
		805D9D7C16777610006E97FE /* Cocoa.framework in Frameworks */ = {isa = PBXBuildFile; fileRef = 805D9D7B16777610006E97FE /* Cocoa.framework */; };
		805D9D8616777611006E97FE /* InfoPlist.strings in Resources */ = {isa = PBXBuildFile; fileRef = 805D9D8416777611006E97FE /* InfoPlist.strings */; };
		805D9D8816777611006E97FE /* main.m in Sources */ = {isa = PBXBuildFile; fileRef = 805D9D8716777611006E97FE /* main.m */; };
		805D9D8C16777611006E97FE /* Credits.rtf in Resources */ = {isa = PBXBuildFile; fileRef = 805D9D8A16777611006E97FE /* Credits.rtf */; };
		805D9D8F16777611006E97FE /* AppDelegate.m in Sources */ = {isa = PBXBuildFile; fileRef = 805D9D8E16777611006E97FE /* AppDelegate.m */; };
		805D9D9216777611006E97FE /* MainMenu.xib in Resources */ = {isa = PBXBuildFile; fileRef = 805D9D9016777611006E97FE /* MainMenu.xib */; };
/* End PBXBuildFile section */

/* Begin PBXFileReference section */
		805D9D7716777610006E97FE /* CoverFlow11.app */ = {isa = PBXFileReference; explicitFileType = wrapper.application; includeInIndex = 0; path = CoverFlow11.app; sourceTree = BUILT_PRODUCTS_DIR; };
		805D9D7B16777610006E97FE /* Cocoa.framework */ = {isa = PBXFileReference; lastKnownFileType = wrapper.framework; name = Cocoa.framework; path = System/Library/Frameworks/Cocoa.framework; sourceTree = SDKROOT; };
		805D9D7E16777610006E97FE /* AppKit.framework */ = {isa = PBXFileReference; lastKnownFileType = wrapper.framework; name = AppKit.framework; path = System/Library/Frameworks/AppKit.framework; sourceTree = SDKROOT; };
		805D9D7F16777610006E97FE /* CoreData.framework */ = {isa = PBXFileReference; lastKnownFileType = wrapper.framework; name = CoreData.framework; path = System/Library/Frameworks/CoreData.framework; sourceTree = SDKROOT; };
		805D9D8016777610006E97FE /* Foundation.framework */ = {isa = PBXFileReference; lastKnownFileType = wrapper.framework; name = Foundation.framework; path = System/Library/Frameworks/Foundation.framework; sourceTree = SDKROOT; };
		805D9D8316777611006E97FE /* CoverFlow11-Info.plist */ = {isa = PBXFileReference; lastKnownFileType = text.plist.xml; path = "CoverFlow11-Info.plist"; sourceTree = "<group>"; };
		805D9D8516777611006E97FE /* en */ = {isa = PBXFileReference; lastKnownFileType = text.plist.strings; name = en; path = en.lproj/InfoPlist.strings; sourceTree = "<group>"; };
		805D9D8716777611006E97FE /* main.m */ = {isa = PBXFileReference; lastKnownFileType = sourcecode.c.objc; path = main.m; sourceTree = "<group>"; };
		805D9D8916777611006E97FE /* CoverFlow11-Prefix.pch */ = {isa = PBXFileReference; lastKnownFileType = sourcecode.c.h; path = "CoverFlow11-Prefix.pch"; sourceTree = "<group>"; };
		805D9D8B16777611006E97FE /* en */ = {isa = PBXFileReference; lastKnownFileType = text.rtf; name = en; path = en.lproj/Credits.rtf; sourceTree = "<group>"; };
		805D9D8D16777611006E97FE /* AppDelegate.h */ = {isa = PBXFileReference; lastKnownFileType = sourcecode.c.h; path = AppDelegate.h; sourceTree = "<group>"; };
		805D9D8E16777611006E97FE /* AppDelegate.m */ = {isa = PBXFileReference; lastKnownFileType = sourcecode.c.objc; path = AppDelegate.m; sourceTree = "<group>"; };
		805D9D9116777611006E97FE /* en */ = {isa = PBXFileReference; lastKnownFileType = file.xib; name = en; path = en.lproj/MainMenu.xib; sourceTree = "<group>"; };
/* End PBXFileReference section */

/* Begin PBXFrameworksBuildPhase section */
		805D9D7416777610006E97FE /* Frameworks */ = {
			isa = PBXFrameworksBuildPhase;
			buildActionMask = 2147483647;
			files = (
				805D9D7C16777610006E97FE /* Cocoa.framework in Frameworks */,
			);
			runOnlyForDeploymentPostprocessing = 0;
		};
/* End PBXFrameworksBuildPhase section */

/* Begin PBXGroup section */
		805D9D6C16777610006E97FE = {
			isa = PBXGroup;
			children = (
				805D9D8116777610006E97FE /* CoverFlow11 */,
				805D9D7A16777610006E97FE /* Frameworks */,
				805D9D7816777610006E97FE /* Products */,
			);
			sourceTree = "<group>";
		};
		805D9D7816777610006E97FE /* Products */ = {
			isa = PBXGroup;
			children = (
				805D9D7716777610006E97FE /* CoverFlow11.app */,
			);
			name = Products;
			sourceTree = "<group>";
		};
		805D9D7A16777610006E97FE /* Frameworks */ = {
			isa = PBXGroup;
			children = (
				805D9D7B16777610006E97FE /* Cocoa.framework */,
				805D9D7D16777610006E97FE /* Other Frameworks */,
			);
			name = Frameworks;
			sourceTree = "<group>";
		};
		805D9D7D16777610006E97FE /* Other Frameworks */ = {
			isa = PBXGroup;
			children = (
				805D9D7E16777610006E97FE /* AppKit.framework */,
				805D9D7F16777610006E97FE /* CoreData.framework */,
				805D9D8016777610006E97FE /* Foundation.framework */,
			);
			name = "Other Frameworks";
			sourceTree = "<group>";
		};
		805D9D8116777610006E97FE /* CoverFlow11 */ = {
			isa = PBXGroup;
			children = (
				805D9D8D16777611006E97FE /* AppDelegate.h */,
				805D9D8E16777611006E97FE /* AppDelegate.m */,
				805D9D9016777611006E97FE /* MainMenu.xib */,
				805D9D8216777611006E97FE /* Supporting Files */,
			);
			path = CoverFlow11;
			sourceTree = "<group>";
		};
		805D9D8216777611006E97FE /* Supporting Files */ = {
			isa = PBXGroup;
			children = (
				805D9D8316777611006E97FE /* CoverFlow11-Info.plist */,
				805D9D8416777611006E97FE /* InfoPlist.strings */,
				805D9D8716777611006E97FE /* main.m */,
				805D9D8916777611006E97FE /* CoverFlow11-Prefix.pch */,
				805D9D8A16777611006E97FE /* Credits.rtf */,
			);
			name = "Supporting Files";
			sourceTree = "<group>";
		};
/* End PBXGroup section */

/* Begin PBXNativeTarget section */
		805D9D7616777610006E97FE /* CoverFlow11 */ = {
			isa = PBXNativeTarget;
			buildConfigurationList = 805D9D9516777611006E97FE /* Build configuration list for PBXNativeTarget "CoverFlow11" */;
			buildPhases = (
				805D9D7316777610006E97FE /* Sources */,
				805D9D7416777610006E97FE /* Frameworks */,
				805D9D7516777610006E97FE /* Resources */,
			);
			buildRules = (
			);
			dependencies = (
			);
			name = CoverFlow11;
			productName = CoverFlow11;
			productReference = 805D9D7716777610006E97FE /* CoverFlow11.app */;
			productType = "com.apple.product-type.application";
		};
/* End PBXNativeTarget section */

/* Begin PBXProject section */
		805D9D6E16777610006E97FE /* Project object */ = {
			isa = PBXProject;
			attributes = {
				LastUpgradeCheck = 0450;
				ORGANIZATIONNAME = Snow;
			};
			buildConfigurationList = 805D9D7116777610006E97FE /* Build configuration list for PBXProject "CoverFlow11" */;
			compatibilityVersion = "Xcode 3.2";
			developmentRegion = English;
			hasScannedForEncodings = 0;
			knownRegions = (
				en,
			);
			mainGroup = 805D9D6C16777610006E97FE;
			productRefGroup = 805D9D7816777610006E97FE /* Products */;
			projectDirPath = "";
			projectRoot = "";
			targets = (
				805D9D7616777610006E97FE /* CoverFlow11 */,
			);
		};
/* End PBXProject section */

/* Begin PBXResourcesBuildPhase section */
		805D9D7516777610006E97FE /* Resources */ = {
			isa = PBXResourcesBuildPhase;
			buildActionMask = 2147483647;
			files = (
				805D9D8616777611006E97FE /* InfoPlist.strings in Resources */,
				805D9D8C16777611006E97FE /* Credits.rtf in Resources */,
				805D9D9216777611006E97FE /* MainMenu.xib in Resources */,
			);
			runOnlyForDeploymentPostprocessing = 0;
		};
/* End PBXResourcesBuildPhase section */

/* Begin PBXSourcesBuildPhase section */
		805D9D7316777610006E97FE /* Sources */ = {
			isa = PBXSourcesBuildPhase;
			buildActionMask = 2147483647;
			files = (
				805D9D8816777611006E97FE /* main.m in Sources */,
				805D9D8F16777611006E97FE /* AppDelegate.m in Sources */,
			);
			runOnlyForDeploymentPostprocessing = 0;
		};
/* End PBXSourcesBuildPhase section */

/* Begin PBXVariantGroup section */
		805D9D8416777611006E97FE /* InfoPlist.strings */ = {
			isa = PBXVariantGroup;
			children = (
				805D9D8516777611006E97FE /* en */,
			);
			name = InfoPlist.strings;
			sourceTree = "<group>";
		};
		805D9D8A16777611006E97FE /* Credits.rtf */ = {
			isa = PBXVariantGroup;
			children = (
				805D9D8B16777611006E97FE /* en */,
			);
			name = Credits.rtf;
			sourceTree = "<group>";
		};
		805D9D9016777611006E97FE /* MainMenu.xib */ = {
			isa = PBXVariantGroup;
			children = (
				805D9D9116777611006E97FE /* en */,
			);
			name = MainMenu.xib;
			sourceTree = "<group>";
		};
/* End PBXVariantGroup section */

/* Begin XCBuildConfiguration section */
		805D9D9316777611006E97FE /* Debug */ = {
			isa = XCBuildConfiguration;
			buildSettings = {
				ALWAYS_SEARCH_USER_PATHS = NO;
				ARCHS = "$(ARCHS_STANDARD_64_BIT)";
				CLANG_CXX_LANGUAGE_STANDARD = "gnu++0x";
				CLANG_CXX_LIBRARY = "libc++";
				CLANG_ENABLE_OBJC_ARC = YES;
				CLANG_WARN_EMPTY_BODY = YES;
				CLANG_WARN__DUPLICATE_METHOD_MATCH = YES;
				COPY_PHASE_STRIP = NO;
				GCC_C_LANGUAGE_STANDARD = gnu99;
				GCC_DYNAMIC_NO_PIC = NO;
				GCC_ENABLE_OBJC_EXCEPTIONS = YES;
				GCC_OPTIMIZATION_LEVEL = 0;
				GCC_PREPROCESSOR_DEFINITIONS = (
					"DEBUG=1",
					"$(inherited)",
				);
				GCC_SYMBOLS_PRIVATE_EXTERN = NO;
				GCC_WARN_64_TO_32_BIT_CONVERSION = YES;
				GCC_WARN_ABOUT_RETURN_TYPE = YES;
				GCC_WARN_UNINITIALIZED_AUTOS = YES;
				GCC_WARN_UNUSED_VARIABLE = YES;
				MACOSX_DEPLOYMENT_TARGET = 10.8;
				ONLY_ACTIVE_ARCH = YES;
				SDKROOT = macosx;
			};
			name = Debug;
		};
		805D9D9416777611006E97FE /* Release */ = {
			isa = XCBuildConfiguration;
			buildSettings = {
				ALWAYS_SEARCH_USER_PATHS = NO;
				ARCHS = "$(ARCHS_STANDARD_64_BIT)";
				CLANG_CXX_LANGUAGE_STANDARD = "gnu++0x";
				CLANG_CXX_LIBRARY = "libc++";
				CLANG_ENABLE_OBJC_ARC = YES;
				CLANG_WARN_EMPTY_BODY = YES;
				CLANG_WARN__DUPLICATE_METHOD_MATCH = YES;
				COPY_PHASE_STRIP = YES;
				DEBUG_INFORMATION_FORMAT = "dwarf-with-dsym";
				GCC_C_LANGUAGE_STANDARD = gnu99;
				GCC_ENABLE_OBJC_EXCEPTIONS = YES;
				GCC_WARN_64_TO_32_BIT_CONVERSION = YES;
				GCC_WARN_ABOUT_RETURN_TYPE = YES;
				GCC_WARN_UNINITIALIZED_AUTOS = YES;
				GCC_WARN_UNUSED_VARIABLE = YES;
				MACOSX_DEPLOYMENT_TARGET = 10.8;
				SDKROOT = macosx;
			};
			name = Release;
		};
		805D9D9616777611006E97FE /* Debug */ = {
			isa = XCBuildConfiguration;
			buildSettings = {
				COMBINE_HIDPI_IMAGES = YES;
				GCC_PRECOMPILE_PREFIX_HEADER = YES;
				GCC_PREFIX_HEADER = "CoverFlow11/CoverFlow11-Prefix.pch";
				INFOPLIST_FILE = "CoverFlow11/CoverFlow11-Info.plist";
				PRODUCT_NAME = "$(TARGET_NAME)";
				WRAPPER_EXTENSION = app;
			};
			name = Debug;
		};
		805D9D9716777611006E97FE /* Release */ = {
			isa = XCBuildConfiguration;
			buildSettings = {
				COMBINE_HIDPI_IMAGES = YES;
				GCC_PRECOMPILE_PREFIX_HEADER = YES;
				GCC_PREFIX_HEADER = "CoverFlow11/CoverFlow11-Prefix.pch";
				INFOPLIST_FILE = "CoverFlow11/CoverFlow11-Info.plist";
				PRODUCT_NAME = "$(TARGET_NAME)";
				WRAPPER_EXTENSION = app;
			};
			name = Release;
		};
/* End XCBuildConfiguration section */

/* Begin XCConfigurationList section */
		805D9D7116777610006E97FE /* Build configuration list for PBXProject "CoverFlow11" */ = {
			isa = XCConfigurationList;
			buildConfigurations = (
				805D9D9316777611006E97FE /* Debug */,
				805D9D9416777611006E97FE /* Release */,
			);
			defaultConfigurationIsVisible = 0;
			defaultConfigurationName = Release;
		};
		805D9D9516777611006E97FE /* Build configuration list for PBXNativeTarget "CoverFlow11" */ = {
			isa = XCConfigurationList;
			buildConfigurations = (
				805D9D9616777611006E97FE /* Debug */,
				805D9D9716777611006E97FE /* Release */,
			);
			defaultConfigurationIsVisible = 0;
		};
/* End XCConfigurationList section */
	};
	rootObject = 805D9D6E16777610006E97FE /* Project object */;
}
