// !$*UTF8*$!
{
	archiveVersion = 1;
	classes = {
	};
	objectVersion = 46;
	objects = {

/* Begin PBXBuildFile section */
		800572B6167C26D300054DF7 /* QuartzCore.framework in Frameworks */ = {isa = PBXBuildFile; fileRef = 800572B5167C26D300054DF7 /* QuartzCore.framework */; };
		802B871B1686A1A5008B52C4 /* btnplay.png in Resources */ = {isa = PBXBuildFile; fileRef = 802B871A1686A1A5008B52C4 /* btnplay.png */; };
		802B871D1686A344008B52C4 /* btnplayhighlight.png in Resources */ = {isa = PBXBuildFile; fileRef = 802B871C1686A344008B52C4 /* btnplayhighlight.png */; };
		802B87201686A56C008B52C4 /* btnnext.png in Resources */ = {isa = PBXBuildFile; fileRef = 802B871E1686A56C008B52C4 /* btnnext.png */; };
		802B87211686A56C008B52C4 /* btnnexthighlight.png in Resources */ = {isa = PBXBuildFile; fileRef = 802B871F1686A56C008B52C4 /* btnnexthighlight.png */; };
		802B87241686A719008B52C4 /* btnprev.png in Resources */ = {isa = PBXBuildFile; fileRef = 802B87221686A719008B52C4 /* btnprev.png */; };
		802B87251686A719008B52C4 /* btnprevhighlight.png in Resources */ = {isa = PBXBuildFile; fileRef = 802B87231686A719008B52C4 /* btnprevhighlight.png */; };
		802B87281686AE1D008B52C4 /* btnpause.png in Resources */ = {isa = PBXBuildFile; fileRef = 802B87261686AE1D008B52C4 /* btnpause.png */; };
		802B87291686AE1D008B52C4 /* btnpausehighlight.png in Resources */ = {isa = PBXBuildFile; fileRef = 802B87271686AE1D008B52C4 /* btnpausehighlight.png */; };
		805D9D7C16777610006E97FE /* Cocoa.framework in Frameworks */ = {isa = PBXBuildFile; fileRef = 805D9D7B16777610006E97FE /* Cocoa.framework */; };
		805D9D8616777611006E97FE /* InfoPlist.strings in Resources */ = {isa = PBXBuildFile; fileRef = 805D9D8416777611006E97FE /* InfoPlist.strings */; };
		805D9D8816777611006E97FE /* main.m in Sources */ = {isa = PBXBuildFile; fileRef = 805D9D8716777611006E97FE /* main.m */; };
		805D9D8C16777611006E97FE /* Credits.rtf in Resources */ = {isa = PBXBuildFile; fileRef = 805D9D8A16777611006E97FE /* Credits.rtf */; };
		805D9D8F16777611006E97FE /* AppDelegate.m in Sources */ = {isa = PBXBuildFile; fileRef = 805D9D8E16777611006E97FE /* AppDelegate.m */; };
		805D9D9216777611006E97FE /* MainMenu.xib in Resources */ = {isa = PBXBuildFile; fileRef = 805D9D9016777611006E97FE /* MainMenu.xib */; };
		8060E2791687642D007D6D0F /* CFStatusItemView.m in Sources */ = {isa = PBXBuildFile; fileRef = 8060E2781687642D007D6D0F /* CFStatusItemView.m */; };
		80A22D84167C62AB00C66D42 /* iTunesAlbum.m in Sources */ = {isa = PBXBuildFile; fileRef = 80A22D83167C62AB00C66D42 /* iTunesAlbum.m */; };
		80A59D0C16777E2D009E993C /* CFPopOverViewController.m in Sources */ = {isa = PBXBuildFile; fileRef = 80A59D0B16777E2D009E993C /* CFPopOverViewController.m */; };
		80A59D0F16777EC1009E993C /* CFPopOverView.xib in Resources */ = {isa = PBXBuildFile; fileRef = 80A59D1116777EC1009E993C /* CFPopOverView.xib */; };
		80A59D1516778374009E993C /* iTunesAccess.m in Sources */ = {isa = PBXBuildFile; fileRef = 80A59D1416778374009E993C /* iTunesAccess.m */; };
		80A59D1816778484009E993C /* ScriptingBridge.framework in Frameworks */ = {isa = PBXBuildFile; fileRef = 80A59D1716778484009E993C /* ScriptingBridge.framework */; };
		80C3273E16887988002D1A59 /* statusitemicon.png in Resources */ = {isa = PBXBuildFile; fileRef = 80C3273C16887988002D1A59 /* statusitemicon.png */; };
		80C3273F16887988002D1A59 /* statusitemiconhighlight.png in Resources */ = {isa = PBXBuildFile; fileRef = 80C3273D16887988002D1A59 /* statusitemiconhighlight.png */; };
		80C3274C16888327002D1A59 /* Localizable.strings in Resources */ = {isa = PBXBuildFile; fileRef = 80C3274E16888327002D1A59 /* Localizable.strings */; };
		80E4D14E167B7D68008721AA /* CFView.m in Sources */ = {isa = PBXBuildFile; fileRef = 80E4D14D167B7D68008721AA /* CFView.m */; };
/* End PBXBuildFile section */

/* Begin PBXFileReference section */
		800572B5167C26D300054DF7 /* QuartzCore.framework */ = {isa = PBXFileReference; lastKnownFileType = wrapper.framework; name = QuartzCore.framework; path = System/Library/Frameworks/QuartzCore.framework; sourceTree = SDKROOT; };
		802B871A1686A1A5008B52C4 /* btnplay.png */ = {isa = PBXFileReference; lastKnownFileType = image.png; name = btnplay.png; path = Resources/btnplay.png; sourceTree = "<group>"; };
		802B871C1686A344008B52C4 /* btnplayhighlight.png */ = {isa = PBXFileReference; lastKnownFileType = image.png; name = btnplayhighlight.png; path = Resources/btnplayhighlight.png; sourceTree = "<group>"; };
		802B871E1686A56C008B52C4 /* btnnext.png */ = {isa = PBXFileReference; lastKnownFileType = image.png; name = btnnext.png; path = Resources/btnnext.png; sourceTree = "<group>"; };
		802B871F1686A56C008B52C4 /* btnnexthighlight.png */ = {isa = PBXFileReference; lastKnownFileType = image.png; name = btnnexthighlight.png; path = Resources/btnnexthighlight.png; sourceTree = "<group>"; };
		802B87221686A719008B52C4 /* btnprev.png */ = {isa = PBXFileReference; lastKnownFileType = image.png; name = btnprev.png; path = Resources/btnprev.png; sourceTree = "<group>"; };
		802B87231686A719008B52C4 /* btnprevhighlight.png */ = {isa = PBXFileReference; lastKnownFileType = image.png; name = btnprevhighlight.png; path = Resources/btnprevhighlight.png; sourceTree = "<group>"; };
		802B87261686AE1D008B52C4 /* btnpause.png */ = {isa = PBXFileReference; lastKnownFileType = image.png; name = btnpause.png; path = Resources/btnpause.png; sourceTree = "<group>"; };
		802B87271686AE1D008B52C4 /* btnpausehighlight.png */ = {isa = PBXFileReference; lastKnownFileType = image.png; name = btnpausehighlight.png; path = Resources/btnpausehighlight.png; sourceTree = "<group>"; };
		805D9D7716777610006E97FE /* CoverFlow11.app */ = {isa = PBXFileReference; explicitFileType = wrapper.application; includeInIndex = 0; path = CoverFlow11.app; sourceTree = BUILT_PRODUCTS_DIR; };
		805D9D7B16777610006E97FE /* Cocoa.framework */ = {isa = PBXFileReference; lastKnownFileType = wrapper.framework; name = Cocoa.framework; path = System/Library/Frameworks/Cocoa.framework; sourceTree = SDKROOT; };
		805D9D7E16777610006E97FE /* AppKit.framework */ = {isa = PBXFileReference; lastKnownFileType = wrapper.framework; name = AppKit.framework; path = System/Library/Frameworks/AppKit.framework; sourceTree = SDKROOT; };
		805D9D7F16777610006E97FE /* CoreData.framework */ = {isa = PBXFileReference; lastKnownFileType = wrapper.framework; name = CoreData.framework; path = System/Library/Frameworks/CoreData.framework; sourceTree = SDKROOT; };
		805D9D8016777610006E97FE /* Foundation.framework */ = {isa = PBXFileReference; lastKnownFileType = wrapper.framework; name = Foundation.framework; path = System/Library/Frameworks/Foundation.framework; sourceTree = SDKROOT; };
		805D9D8316777611006E97FE /* CoverFlow11-Info.plist */ = {isa = PBXFileReference; lastKnownFileType = text.plist.xml; path = "CoverFlow11-Info.plist"; sourceTree = "<group>"; };
		805D9D8516777611006E97FE /* en */ = {isa = PBXFileReference; lastKnownFileType = text.plist.strings; name = en; path = en.lproj/InfoPlist.strings; sourceTree = "<group>"; };
		805D9D8716777611006E97FE /* main.m */ = {isa = PBXFileReference; lastKnownFileType = sourcecode.c.objc; path = main.m; sourceTree = "<group>"; };
		805D9D8916777611006E97FE /* CoverFlow11-Prefix.pch */ = {isa = PBXFileReference; lastKnownFileType = sourcecode.c.h; path = "CoverFlow11-Prefix.pch"; sourceTree = "<group>"; };
		805D9D8B16777611006E97FE /* en */ = {isa = PBXFileReference; lastKnownFileType = text.rtf; name = en; path = en.lproj/Credits.rtf; sourceTree = "<group>"; };
		805D9D8D16777611006E97FE /* AppDelegate.h */ = {isa = PBXFileReference; lastKnownFileType = sourcecode.c.h; path = AppDelegate.h; sourceTree = "<group>"; };
		805D9D8E16777611006E97FE /* AppDelegate.m */ = {isa = PBXFileReference; lastKnownFileType = sourcecode.c.objc; path = AppDelegate.m; sourceTree = "<group>"; };
		805D9D9116777611006E97FE /* en */ = {isa = PBXFileReference; lastKnownFileType = file.xib; name = en; path = en.lproj/MainMenu.xib; sourceTree = "<group>"; };
		8060E2771687642D007D6D0F /* CFStatusItemView.h */ = {isa = PBXFileReference; fileEncoding = 4; lastKnownFileType = sourcecode.c.h; name = CFStatusItemView.h; path = View/CFStatusItemView.h; sourceTree = "<group>"; };
		8060E2781687642D007D6D0F /* CFStatusItemView.m */ = {isa = PBXFileReference; fileEncoding = 4; lastKnownFileType = sourcecode.c.objc; name = CFStatusItemView.m; path = View/CFStatusItemView.m; sourceTree = "<group>"; };
		80A22D75167C411F00C66D42 /* CFViewConstant.h */ = {isa = PBXFileReference; lastKnownFileType = sourcecode.c.h; name = CFViewConstant.h; path = View/CFViewConstant.h; sourceTree = "<group>"; };
		80A22D82167C62AB00C66D42 /* iTunesAlbum.h */ = {isa = PBXFileReference; fileEncoding = 4; lastKnownFileType = sourcecode.c.h; name = iTunesAlbum.h; path = CoverFlow11/Model/iTunesAlbum.h; sourceTree = "<group>"; };
		80A22D83167C62AB00C66D42 /* iTunesAlbum.m */ = {isa = PBXFileReference; fileEncoding = 4; lastKnownFileType = sourcecode.c.objc; name = iTunesAlbum.m; path = CoverFlow11/Model/iTunesAlbum.m; sourceTree = "<group>"; };
		80A59D0A16777E2D009E993C /* CFPopOverViewController.h */ = {isa = PBXFileReference; fileEncoding = 4; lastKnownFileType = sourcecode.c.h; name = CFPopOverViewController.h; path = Controller/CFPopOverViewController.h; sourceTree = "<group>"; };
		80A59D0B16777E2D009E993C /* CFPopOverViewController.m */ = {isa = PBXFileReference; fileEncoding = 4; lastKnownFileType = sourcecode.c.objc; name = CFPopOverViewController.m; path = Controller/CFPopOverViewController.m; sourceTree = "<group>"; };
		80A59D1016777EC1009E993C /* en */ = {isa = PBXFileReference; lastKnownFileType = file.xib; name = en; path = en.lproj/CFPopOverView.xib; sourceTree = "<group>"; };
		80A59D1316778374009E993C /* iTunesAccess.h */ = {isa = PBXFileReference; fileEncoding = 4; lastKnownFileType = sourcecode.c.h; name = iTunesAccess.h; path = CoverFlow11/Model/iTunesAccess.h; sourceTree = "<group>"; };
		80A59D1416778374009E993C /* iTunesAccess.m */ = {isa = PBXFileReference; fileEncoding = 4; lastKnownFileType = sourcecode.c.objc; name = iTunesAccess.m; path = CoverFlow11/Model/iTunesAccess.m; sourceTree = "<group>"; };
		80A59D1616778451009E993C /* iTunes.h */ = {isa = PBXFileReference; fileEncoding = 4; lastKnownFileType = sourcecode.c.h; name = iTunes.h; path = CoverFlow11/Model/iTunes.h; sourceTree = "<group>"; };
		80A59D1716778484009E993C /* ScriptingBridge.framework */ = {isa = PBXFileReference; lastKnownFileType = wrapper.framework; name = ScriptingBridge.framework; path = System/Library/Frameworks/ScriptingBridge.framework; sourceTree = SDKROOT; };
		80C3273C16887988002D1A59 /* statusitemicon.png */ = {isa = PBXFileReference; lastKnownFileType = image.png; name = statusitemicon.png; path = Resources/statusitemicon.png; sourceTree = "<group>"; };
		80C3273D16887988002D1A59 /* statusitemiconhighlight.png */ = {isa = PBXFileReference; lastKnownFileType = image.png; name = statusitemiconhighlight.png; path = Resources/statusitemiconhighlight.png; sourceTree = "<group>"; };
		80C32740168880B8002D1A59 /* zh-Hans */ = {isa = PBXFileReference; lastKnownFileType = file.xib; name = "zh-Hans"; path = "zh-Hans.lproj/MainMenu.xib"; sourceTree = "<group>"; };
		80C32741168880B8002D1A59 /* zh-Hans */ = {isa = PBXFileReference; lastKnownFileType = file.xib; name = "zh-Hans"; path = "zh-Hans.lproj/CFPopOverView.xib"; sourceTree = "<group>"; };
		80C32742168880B8002D1A59 /* zh-Hans */ = {isa = PBXFileReference; lastKnownFileType = text.plist.strings; name = "zh-Hans"; path = "zh-Hans.lproj/InfoPlist.strings"; sourceTree = "<group>"; };
		80C32743168880B9002D1A59 /* zh-Hans */ = {isa = PBXFileReference; lastKnownFileType = text.rtf; name = "zh-Hans"; path = "zh-Hans.lproj/Credits.rtf"; sourceTree = "<group>"; };
		80C3274D16888327002D1A59 /* en */ = {isa = PBXFileReference; lastKnownFileType = text.plist.strings; name = en; path = en.lproj/Localizable.strings; sourceTree = "<group>"; };
		80C3274F1688832B002D1A59 /* zh-Hans */ = {isa = PBXFileReference; lastKnownFileType = text.plist.strings; name = "zh-Hans"; path = "zh-Hans.lproj/Localizable.strings"; sourceTree = "<group>"; };
		80E4D14C167B7D68008721AA /* CFView.h */ = {isa = PBXFileReference; fileEncoding = 4; lastKnownFileType = sourcecode.c.h; name = CFView.h; path = View/CFView.h; sourceTree = "<group>"; };
		80E4D14D167B7D68008721AA /* CFView.m */ = {isa = PBXFileReference; fileEncoding = 4; lastKnownFileType = sourcecode.c.objc; name = CFView.m; path = View/CFView.m; sourceTree = "<group>"; };
/* End PBXFileReference section */

/* Begin PBXFrameworksBuildPhase section */
		805D9D7416777610006E97FE /* Frameworks */ = {
			isa = PBXFrameworksBuildPhase;
			buildActionMask = 2147483647;
			files = (
				800572B6167C26D300054DF7 /* QuartzCore.framework in Frameworks */,
				80A59D1816778484009E993C /* ScriptingBridge.framework in Frameworks */,
				805D9D7C16777610006E97FE /* Cocoa.framework in Frameworks */,
			);
			runOnlyForDeploymentPostprocessing = 0;
		};
/* End PBXFrameworksBuildPhase section */

/* Begin PBXGroup section */
		8042AB3B1684A677000B0A24 /* Resources */ = {
			isa = PBXGroup;
			children = (
				80C3273C16887988002D1A59 /* statusitemicon.png */,
				80C3273D16887988002D1A59 /* statusitemiconhighlight.png */,
				802B871A1686A1A5008B52C4 /* btnplay.png */,
				802B871C1686A344008B52C4 /* btnplayhighlight.png */,
				802B87261686AE1D008B52C4 /* btnpause.png */,
				802B87271686AE1D008B52C4 /* btnpausehighlight.png */,
				802B871E1686A56C008B52C4 /* btnnext.png */,
				802B871F1686A56C008B52C4 /* btnnexthighlight.png */,
				802B87221686A719008B52C4 /* btnprev.png */,
				802B87231686A719008B52C4 /* btnprevhighlight.png */,
				80C3274E16888327002D1A59 /* Localizable.strings */,
			);
			name = Resources;
			sourceTree = "<group>";
		};
		805D9D6C16777610006E97FE = {
			isa = PBXGroup;
			children = (
				805D9D8116777610006E97FE /* CoverFlow11 */,
				805D9D7A16777610006E97FE /* Frameworks */,
				805D9D7816777610006E97FE /* Products */,
			);
			sourceTree = "<group>";
		};
		805D9D7816777610006E97FE /* Products */ = {
			isa = PBXGroup;
			children = (
				805D9D7716777610006E97FE /* CoverFlow11.app */,
			);
			name = Products;
			sourceTree = "<group>";
		};
		805D9D7A16777610006E97FE /* Frameworks */ = {
			isa = PBXGroup;
			children = (
				805D9D7B16777610006E97FE /* Cocoa.framework */,
				800572B5167C26D300054DF7 /* QuartzCore.framework */,
				80A59D1716778484009E993C /* ScriptingBridge.framework */,
				805D9D7D16777610006E97FE /* Other Frameworks */,
			);
			name = Frameworks;
			sourceTree = "<group>";
		};
		805D9D7D16777610006E97FE /* Other Frameworks */ = {
			isa = PBXGroup;
			children = (
				805D9D7E16777610006E97FE /* AppKit.framework */,
				805D9D7F16777610006E97FE /* CoreData.framework */,
				805D9D8016777610006E97FE /* Foundation.framework */,
			);
			name = "Other Frameworks";
			sourceTree = "<group>";
		};
		805D9D8116777610006E97FE /* CoverFlow11 */ = {
			isa = PBXGroup;
			children = (
				805D9D8D16777611006E97FE /* AppDelegate.h */,
				805D9D8E16777611006E97FE /* AppDelegate.m */,
				80A59D1216778347009E993C /* Model */,
				80A59D0916777DDA009E993C /* Controller */,
				80E4D14A167B7D49008721AA /* View */,
				80A59D0316777B8C009E993C /* User Interface */,
				8042AB3B1684A677000B0A24 /* Resources */,
				805D9D8216777611006E97FE /* Supporting Files */,
			);
			path = CoverFlow11;
			sourceTree = "<group>";
		};
		805D9D8216777611006E97FE /* Supporting Files */ = {
			isa = PBXGroup;
			children = (
				805D9D8316777611006E97FE /* CoverFlow11-Info.plist */,
				805D9D8416777611006E97FE /* InfoPlist.strings */,
				805D9D8716777611006E97FE /* main.m */,
				805D9D8916777611006E97FE /* CoverFlow11-Prefix.pch */,
				805D9D8A16777611006E97FE /* Credits.rtf */,
			);
			name = "Supporting Files";
			sourceTree = "<group>";
		};
		80A59D0316777B8C009E993C /* User Interface */ = {
			isa = PBXGroup;
			children = (
				805D9D9016777611006E97FE /* MainMenu.xib */,
				80A59D1116777EC1009E993C /* CFPopOverView.xib */,
			);
			name = "User Interface";
			sourceTree = "<group>";
		};
		80A59D0916777DDA009E993C /* Controller */ = {
			isa = PBXGroup;
			children = (
				80A59D0A16777E2D009E993C /* CFPopOverViewController.h */,
				80A59D0B16777E2D009E993C /* CFPopOverViewController.m */,
			);
			name = Controller;
			sourceTree = "<group>";
		};
		80A59D1216778347009E993C /* Model */ = {
			isa = PBXGroup;
			children = (
				80A59D1616778451009E993C /* iTunes.h */,
				80A59D1316778374009E993C /* iTunesAccess.h */,
				80A59D1416778374009E993C /* iTunesAccess.m */,
				80A22D82167C62AB00C66D42 /* iTunesAlbum.h */,
				80A22D83167C62AB00C66D42 /* iTunesAlbum.m */,
			);
			name = Model;
			path = ..;
			sourceTree = "<group>";
		};
		80E4D14A167B7D49008721AA /* View */ = {
			isa = PBXGroup;
			children = (
				80E4D14C167B7D68008721AA /* CFView.h */,
				80E4D14D167B7D68008721AA /* CFView.m */,
				80A22D75167C411F00C66D42 /* CFViewConstant.h */,
				8060E2771687642D007D6D0F /* CFStatusItemView.h */,
				8060E2781687642D007D6D0F /* CFStatusItemView.m */,
			);
			name = View;
			sourceTree = "<group>";
		};
/* End PBXGroup section */

/* Begin PBXNativeTarget section */
		805D9D7616777610006E97FE /* CoverFlow11 */ = {
			isa = PBXNativeTarget;
			buildConfigurationList = 805D9D9516777611006E97FE /* Build configuration list for PBXNativeTarget "CoverFlow11" */;
			buildPhases = (
				805D9D7316777610006E97FE /* Sources */,
				805D9D7416777610006E97FE /* Frameworks */,
				805D9D7516777610006E97FE /* Resources */,
			);
			buildRules = (
			);
			dependencies = (
			);
			name = CoverFlow11;
			productName = CoverFlow11;
			productReference = 805D9D7716777610006E97FE /* CoverFlow11.app */;
			productType = "com.apple.product-type.application";
		};
/* End PBXNativeTarget section */

/* Begin PBXProject section */
		805D9D6E16777610006E97FE /* Project object */ = {
			isa = PBXProject;
			attributes = {
				LastUpgradeCheck = 0450;
				ORGANIZATIONNAME = Snow;
			};
			buildConfigurationList = 805D9D7116777610006E97FE /* Build configuration list for PBXProject "CoverFlow11" */;
			compatibilityVersion = "Xcode 3.2";
			developmentRegion = English;
			hasScannedForEncodings = 0;
			knownRegions = (
				en,
				"zh-Hans",
			);
			mainGroup = 805D9D6C16777610006E97FE;
			productRefGroup = 805D9D7816777610006E97FE /* Products */;
			projectDirPath = "";
			projectRoot = "";
			targets = (
				805D9D7616777610006E97FE /* CoverFlow11 */,
			);
		};
/* End PBXProject section */

/* Begin PBXResourcesBuildPhase section */
		805D9D7516777610006E97FE /* Resources */ = {
			isa = PBXResourcesBuildPhase;
			buildActionMask = 2147483647;
			files = (
				805D9D8616777611006E97FE /* InfoPlist.strings in Resources */,
				805D9D8C16777611006E97FE /* Credits.rtf in Resources */,
				805D9D9216777611006E97FE /* MainMenu.xib in Resources */,
				80A59D0F16777EC1009E993C /* CFPopOverView.xib in Resources */,
				802B871B1686A1A5008B52C4 /* btnplay.png in Resources */,
				802B871D1686A344008B52C4 /* btnplayhighlight.png in Resources */,
				802B87201686A56C008B52C4 /* btnnext.png in Resources */,
				802B87211686A56C008B52C4 /* btnnexthighlight.png in Resources */,
				802B87241686A719008B52C4 /* btnprev.png in Resources */,
				802B87251686A719008B52C4 /* btnprevhighlight.png in Resources */,
				802B87281686AE1D008B52C4 /* btnpause.png in Resources */,
				802B87291686AE1D008B52C4 /* btnpausehighlight.png in Resources */,
				80C3273E16887988002D1A59 /* statusitemicon.png in Resources */,
				80C3273F16887988002D1A59 /* statusitemiconhighlight.png in Resources */,
				80C3274C16888327002D1A59 /* Localizable.strings in Resources */,
			);
			runOnlyForDeploymentPostprocessing = 0;
		};
/* End PBXResourcesBuildPhase section */

/* Begin PBXSourcesBuildPhase section */
		805D9D7316777610006E97FE /* Sources */ = {
			isa = PBXSourcesBuildPhase;
			buildActionMask = 2147483647;
			files = (
				805D9D8816777611006E97FE /* main.m in Sources */,
				805D9D8F16777611006E97FE /* AppDelegate.m in Sources */,
				80A59D0C16777E2D009E993C /* CFPopOverViewController.m in Sources */,
				80A59D1516778374009E993C /* iTunesAccess.m in Sources */,
				80E4D14E167B7D68008721AA /* CFView.m in Sources */,
				80A22D84167C62AB00C66D42 /* iTunesAlbum.m in Sources */,
				8060E2791687642D007D6D0F /* CFStatusItemView.m in Sources */,
			);
			runOnlyForDeploymentPostprocessing = 0;
		};
/* End PBXSourcesBuildPhase section */

/* Begin PBXVariantGroup section */
		805D9D8416777611006E97FE /* InfoPlist.strings */ = {
			isa = PBXVariantGroup;
			children = (
				805D9D8516777611006E97FE /* en */,
				80C32742168880B8002D1A59 /* zh-Hans */,
			);
			name = InfoPlist.strings;
			sourceTree = "<group>";
		};
		805D9D8A16777611006E97FE /* Credits.rtf */ = {
			isa = PBXVariantGroup;
			children = (
				805D9D8B16777611006E97FE /* en */,
				80C32743168880B9002D1A59 /* zh-Hans */,
			);
			name = Credits.rtf;
			sourceTree = "<group>";
		};
		805D9D9016777611006E97FE /* MainMenu.xib */ = {
			isa = PBXVariantGroup;
			children = (
				805D9D9116777611006E97FE /* en */,
				80C32740168880B8002D1A59 /* zh-Hans */,
			);
			name = MainMenu.xib;
			sourceTree = "<group>";
		};
		80A59D1116777EC1009E993C /* CFPopOverView.xib */ = {
			isa = PBXVariantGroup;
			children = (
				80A59D1016777EC1009E993C /* en */,
				80C32741168880B8002D1A59 /* zh-Hans */,
			);
			name = CFPopOverView.xib;
			sourceTree = "<group>";
		};
		80C3274E16888327002D1A59 /* Localizable.strings */ = {
			isa = PBXVariantGroup;
			children = (
				80C3274D16888327002D1A59 /* en */,
				80C3274F1688832B002D1A59 /* zh-Hans */,
			);
			name = Localizable.strings;
			sourceTree = "<group>";
		};
/* End PBXVariantGroup section */

/* Begin XCBuildConfiguration section */
		805D9D9316777611006E97FE /* Debug */ = {
			isa = XCBuildConfiguration;
			buildSettings = {
				ALWAYS_SEARCH_USER_PATHS = NO;
				ARCHS = "$(ARCHS_STANDARD_64_BIT)";
				CLANG_CXX_LANGUAGE_STANDARD = "gnu++0x";
				CLANG_CXX_LIBRARY = "libc++";
				CLANG_ENABLE_OBJC_ARC = YES;
				CLANG_WARN_EMPTY_BODY = YES;
				CLANG_WARN__DUPLICATE_METHOD_MATCH = YES;
				COPY_PHASE_STRIP = NO;
				GCC_C_LANGUAGE_STANDARD = gnu99;
				GCC_DYNAMIC_NO_PIC = NO;
				GCC_ENABLE_OBJC_EXCEPTIONS = YES;
				GCC_OPTIMIZATION_LEVEL = 0;
				GCC_PREPROCESSOR_DEFINITIONS = (
					"DEBUG=1",
					"$(inherited)",
				);
				GCC_SYMBOLS_PRIVATE_EXTERN = NO;
				GCC_WARN_64_TO_32_BIT_CONVERSION = YES;
				GCC_WARN_ABOUT_RETURN_TYPE = YES;
				GCC_WARN_UNINITIALIZED_AUTOS = YES;
				GCC_WARN_UNUSED_VARIABLE = YES;
				MACOSX_DEPLOYMENT_TARGET = 10.8;
				ONLY_ACTIVE_ARCH = YES;
				SDKROOT = macosx;
			};
			name = Debug;
		};
		805D9D9416777611006E97FE /* Release */ = {
			isa = XCBuildConfiguration;
			buildSettings = {
				ALWAYS_SEARCH_USER_PATHS = NO;
				ARCHS = "$(ARCHS_STANDARD_64_BIT)";
				CLANG_CXX_LANGUAGE_STANDARD = "gnu++0x";
				CLANG_CXX_LIBRARY = "libc++";
				CLANG_ENABLE_OBJC_ARC = YES;
				CLANG_WARN_EMPTY_BODY = YES;
				CLANG_WARN__DUPLICATE_METHOD_MATCH = YES;
				COPY_PHASE_STRIP = YES;
				DEBUG_INFORMATION_FORMAT = "dwarf-with-dsym";
				GCC_C_LANGUAGE_STANDARD = gnu99;
				GCC_ENABLE_OBJC_EXCEPTIONS = YES;
				GCC_WARN_64_TO_32_BIT_CONVERSION = YES;
				GCC_WARN_ABOUT_RETURN_TYPE = YES;
				GCC_WARN_UNINITIALIZED_AUTOS = YES;
				GCC_WARN_UNUSED_VARIABLE = YES;
				MACOSX_DEPLOYMENT_TARGET = 10.8;
				SDKROOT = macosx;
			};
			name = Release;
		};
		805D9D9616777611006E97FE /* Debug */ = {
			isa = XCBuildConfiguration;
			buildSettings = {
				COMBINE_HIDPI_IMAGES = YES;
				GCC_PRECOMPILE_PREFIX_HEADER = YES;
				GCC_PREFIX_HEADER = "CoverFlow11/CoverFlow11-Prefix.pch";
				INFOPLIST_FILE = "CoverFlow11/CoverFlow11-Info.plist";
				PRODUCT_NAME = "$(TARGET_NAME)";
				WRAPPER_EXTENSION = app;
			};
			name = Debug;
		};
		805D9D9716777611006E97FE /* Release */ = {
			isa = XCBuildConfiguration;
			buildSettings = {
				COMBINE_HIDPI_IMAGES = YES;
				GCC_PRECOMPILE_PREFIX_HEADER = YES;
				GCC_PREFIX_HEADER = "CoverFlow11/CoverFlow11-Prefix.pch";
				INFOPLIST_FILE = "CoverFlow11/CoverFlow11-Info.plist";
				PRODUCT_NAME = "$(TARGET_NAME)";
				WRAPPER_EXTENSION = app;
			};
			name = Release;
		};
/* End XCBuildConfiguration section */

/* Begin XCConfigurationList section */
		805D9D7116777610006E97FE /* Build configuration list for PBXProject "CoverFlow11" */ = {
			isa = XCConfigurationList;
			buildConfigurations = (
				805D9D9316777611006E97FE /* Debug */,
				805D9D9416777611006E97FE /* Release */,
			);
			defaultConfigurationIsVisible = 0;
			defaultConfigurationName = Release;
		};
		805D9D9516777611006E97FE /* Build configuration list for PBXNativeTarget "CoverFlow11" */ = {
			isa = XCConfigurationList;
			buildConfigurations = (
				805D9D9616777611006E97FE /* Debug */,
				805D9D9716777611006E97FE /* Release */,
			);
			defaultConfigurationIsVisible = 0;
			defaultConfigurationName = Release;
		};
/* End XCConfigurationList section */
	};
	rootObject = 805D9D6E16777610006E97FE /* Project object */;
}
